
Microsoft Visual Studio Solution File, Format Version 12.00
# Visual Studio Version 16
VisualStudioVersion = 16.0.31727.386
MinimumVisualStudioVersion = 10.0.40219.1
Project("{FAE04EC0-301F-11D3-BF4B-00C04F79EFBC}") = "ServiceMtk-P1-023", "ServiceMtk-P1-023\ServiceMtk-P1-023.csproj", "{B768714E-4127-4AB7-BEDC-CD0C0CA2E4CF}"
EndProject
Global
	GlobalSection(SolutionConfigurationPlatforms) = preSolution
		Debug|Any CPU = Debug|Any CPU
		Release|Any CPU = Release|Any CPU
	EndGlobalSection
	GlobalSection(ProjectConfigurationPlatforms) = postSolution
		{B768714E-4127-4AB7-BEDC-CD0C0CA2E4CF}.Debug|Any CPU.ActiveCfg = Debug|Any CPU
		{B768714E-4127-4AB7-BEDC-CD0C0CA2E4CF}.Debug|Any CPU.Build.0 = Debug|Any CPU
		{B768714E-4127-4AB7-BEDC-CD0C0CA2E4CF}.Release|Any CPU.ActiveCfg = Release|Any CPU
		{B768714E-4127-4AB7-BEDC-CD0C0CA2E4CF}.Release|Any CPU.Build.0 = Release|Any CPU
	EndGlobalSection
	GlobalSection(SolutionProperties) = preSolution
		HideSolutionNode = FALSE
	EndGlobalSection
	GlobalSection(ExtensibilityGlobals) = postSolution
		SolutionGuid = {B800473E-DA16-4388-A240-8CB78914B85B}
	EndGlobalSection
EndGlobal
